
Microsoft Visual Studio Solution File, Format Version 12.00
# Visual Studio 15
VisualStudioVersion = 15.0.27703.2000
MinimumVisualStudioVersion = 10.0.40219.1
Project("{FAE04EC0-301F-11D3-BF4B-00C04F79EFBC}") = "HydroMajsterWebShopProject", "HydroMajsterWebShopProject\HydroMajsterWebShopProject.csproj", "{715502E1-C16F-4BB0-BCFB-CA5E478A1B1D}"
EndProject
Global
	GlobalSection(SolutionConfigurationPlatforms) = preSolution
		Debug|Any CPU = Debug|Any CPU
		Release|Any CPU = Release|Any CPU
	EndGlobalSection
	GlobalSection(ProjectConfigurationPlatforms) = postSolution
		{715502E1-C16F-4BB0-BCFB-CA5E478A1B1D}.Debug|Any CPU.ActiveCfg = Debug|Any CPU
		{715502E1-C16F-4BB0-BCFB-CA5E478A1B1D}.Debug|Any CPU.Build.0 = Debug|Any CPU
		{715502E1-C16F-4BB0-BCFB-CA5E478A1B1D}.Release|Any CPU.ActiveCfg = Release|Any CPU
		{715502E1-C16F-4BB0-BCFB-CA5E478A1B1D}.Release|Any CPU.Build.0 = Release|Any CPU
	EndGlobalSection
	GlobalSection(SolutionProperties) = preSolution
		HideSolutionNode = FALSE
	EndGlobalSection
	GlobalSection(ExtensibilityGlobals) = postSolution
		SolutionGuid = {150157AA-B243-4763-8CDD-9CBE32E776A9}
	EndGlobalSection
EndGlobal
